
Microsoft Visual Studio Solution File, Format Version 12.00
# Visual Studio 14
VisualStudioVersion = 14.0.24720.0
MinimumVisualStudioVersion = 10.0.40219.1
Project("{FAE04EC0-301F-11D3-BF4B-00C04F79EFBC}") = "juniorcopy", "juniorcopy\juniorcopy.csproj", "{202719B9-A09F-4C6B-9AD6-B43A1845CB31}"
EndProject
Project("{2150E333-8FDC-42A3-9474-1A3956D46DE8}") = "EPROM-dumps", "EPROM-dumps", "{B1528E6A-9F84-4E8F-A98B-FC3FB918B21E}"
	ProjectSection(SolutionItems) = preProject
		EPROM-dumps\juniorAdr0200.bin = EPROM-dumps\juniorAdr0200.bin
		EPROM-dumps\juniorAdr1400.bin = EPROM-dumps\juniorAdr1400.bin
		EPROM-dumps\juniorEprom1000.bin = EPROM-dumps\juniorEprom1000.bin
		EPROM-dumps\juniorEprom1C00.bin = EPROM-dumps\juniorEprom1C00.bin
		EPROM-dumps\juniorEprom2000B1.bin = EPROM-dumps\juniorEprom2000B1.bin
		EPROM-dumps\juniorEprom2000B2.bin = EPROM-dumps\juniorEprom2000B2.bin
	EndProjectSection
EndProject
Global
	GlobalSection(SolutionConfigurationPlatforms) = preSolution
		Debug|Any CPU = Debug|Any CPU
		Release|Any CPU = Release|Any CPU
	EndGlobalSection
	GlobalSection(ProjectConfigurationPlatforms) = postSolution
		{202719B9-A09F-4C6B-9AD6-B43A1845CB31}.Debug|Any CPU.ActiveCfg = Debug|Any CPU
		{202719B9-A09F-4C6B-9AD6-B43A1845CB31}.Debug|Any CPU.Build.0 = Debug|Any CPU
		{202719B9-A09F-4C6B-9AD6-B43A1845CB31}.Release|Any CPU.ActiveCfg = Release|Any CPU
		{202719B9-A09F-4C6B-9AD6-B43A1845CB31}.Release|Any CPU.Build.0 = Release|Any CPU
	EndGlobalSection
	GlobalSection(SolutionProperties) = preSolution
		HideSolutionNode = FALSE
	EndGlobalSection
EndGlobal
